
Microsoft Visual Studio Solution File, Format Version 12.00
# Visual Studio Version 16
VisualStudioVersion = 16.0.31424.327
MinimumVisualStudioVersion = 10.0.40219.1
Project("{888888A0-9F3D-457C-B088-3A5042F75D52}") = "vPython_example", "vPython_example.pyproj", "{AA697EE2-4459-416E-921B-01018CAF05B6}"
EndProject
Global
	GlobalSection(SolutionConfigurationPlatforms) = preSolution
		Debug|Any CPU = Debug|Any CPU
		Release|Any CPU = Release|Any CPU
	EndGlobalSection
	GlobalSection(ProjectConfigurationPlatforms) = postSolution
		{AA697EE2-4459-416E-921B-01018CAF05B6}.Debug|Any CPU.ActiveCfg = Debug|Any CPU
		{AA697EE2-4459-416E-921B-01018CAF05B6}.Release|Any CPU.ActiveCfg = Release|Any CPU
	EndGlobalSection
	GlobalSection(SolutionProperties) = preSolution
		HideSolutionNode = FALSE
	EndGlobalSection
	GlobalSection(ExtensibilityGlobals) = postSolution
		SolutionGuid = {942314A0-90F5-427C-B07D-CFC417F2F15E}
	EndGlobalSection
EndGlobal
