
Microsoft Visual Studio Solution File, Format Version 12.00
# Visual Studio Version 17
VisualStudioVersion = 17.5.33414.496
MinimumVisualStudioVersion = 10.0.40219.1
Project("{888888A0-9F3D-457C-B088-3A5042F75D52}") = "tkinter_HelloWorld", "tkinter_HelloWorld.pyproj", "{C57F958A-26C5-458F-B412-914200116D5D}"
EndProject
Global
	GlobalSection(SolutionConfigurationPlatforms) = preSolution
		Debug|Any CPU = Debug|Any CPU
		Release|Any CPU = Release|Any CPU
	EndGlobalSection
	GlobalSection(ProjectConfigurationPlatforms) = postSolution
		{C57F958A-26C5-458F-B412-914200116D5D}.Debug|Any CPU.ActiveCfg = Debug|Any CPU
		{C57F958A-26C5-458F-B412-914200116D5D}.Release|Any CPU.ActiveCfg = Release|Any CPU
	EndGlobalSection
	GlobalSection(SolutionProperties) = preSolution
		HideSolutionNode = FALSE
	EndGlobalSection
	GlobalSection(ExtensibilityGlobals) = postSolution
		SolutionGuid = {2D9C0795-D7F5-4D08-A8E6-113F643A8F7A}
	EndGlobalSection
EndGlobal
