
Microsoft Visual Studio Solution File, Format Version 12.00
# Visual Studio Version 17
VisualStudioVersion = 17.0.32014.148
MinimumVisualStudioVersion = 10.0.40219.1
Project("{888888A0-9F3D-457C-B088-3A5042F75D52}") = "Kalman_1", "Kalman_1.pyproj", "{ABD7B573-1A0C-4097-9724-1FCEC18721B8}"
EndProject
Global
	GlobalSection(SolutionConfigurationPlatforms) = preSolution
		Debug|Any CPU = Debug|Any CPU
		Release|Any CPU = Release|Any CPU
	EndGlobalSection
	GlobalSection(ProjectConfigurationPlatforms) = postSolution
		{ABD7B573-1A0C-4097-9724-1FCEC18721B8}.Debug|Any CPU.ActiveCfg = Debug|Any CPU
		{ABD7B573-1A0C-4097-9724-1FCEC18721B8}.Release|Any CPU.ActiveCfg = Release|Any CPU
	EndGlobalSection
	GlobalSection(SolutionProperties) = preSolution
		HideSolutionNode = FALSE
	EndGlobalSection
	GlobalSection(ExtensibilityGlobals) = postSolution
		SolutionGuid = {BF03147D-7EE8-442C-BD54-992677BBDF7A}
	EndGlobalSection
EndGlobal
